// !$*UTF8*$!
{
	archiveVersion = 1;
	classes = {
	};
	objectVersion = 46;
	objects = {

/* Begin PBXBuildFile section */
		225FD2F6191EBEEA000566D6 /* Tornei.plist in Resources */ = {isa = PBXBuildFile; fileRef = 225FD2F5191EBEEA000566D6 /* Tornei.plist */; };
		22A0A7D5191D6E6200EE3754 /* Foundation.framework in Frameworks */ = {isa = PBXBuildFile; fileRef = 22A0A7D4191D6E6200EE3754 /* Foundation.framework */; };
		22A0A7D7191D6E6200EE3754 /* CoreGraphics.framework in Frameworks */ = {isa = PBXBuildFile; fileRef = 22A0A7D6191D6E6200EE3754 /* CoreGraphics.framework */; };
		22A0A7D9191D6E6200EE3754 /* UIKit.framework in Frameworks */ = {isa = PBXBuildFile; fileRef = 22A0A7D8191D6E6200EE3754 /* UIKit.framework */; };
		22A0A7DF191D6E6200EE3754 /* InfoPlist.strings in Resources */ = {isa = PBXBuildFile; fileRef = 22A0A7DD191D6E6200EE3754 /* InfoPlist.strings */; };
		22A0A7E1191D6E6200EE3754 /* main.m in Sources */ = {isa = PBXBuildFile; fileRef = 22A0A7E0191D6E6200EE3754 /* main.m */; };
		22A0A7E5191D6E6200EE3754 /* BCRAppDelegate.m in Sources */ = {isa = PBXBuildFile; fileRef = 22A0A7E4191D6E6200EE3754 /* BCRAppDelegate.m */; };
		22A0A7E8191D6E6200EE3754 /* Main_iPhone.storyboard in Resources */ = {isa = PBXBuildFile; fileRef = 22A0A7E6191D6E6200EE3754 /* Main_iPhone.storyboard */; };
		22A0A7EB191D6E6200EE3754 /* Main_iPad.storyboard in Resources */ = {isa = PBXBuildFile; fileRef = 22A0A7E9191D6E6200EE3754 /* Main_iPad.storyboard */; };
		22A0A7EE191D6E6200EE3754 /* BCRViewController.m in Sources */ = {isa = PBXBuildFile; fileRef = 22A0A7ED191D6E6200EE3754 /* BCRViewController.m */; };
		22A0A7F0191D6E6200EE3754 /* Images.xcassets in Resources */ = {isa = PBXBuildFile; fileRef = 22A0A7EF191D6E6200EE3754 /* Images.xcassets */; };
		22A0A7F7191D6E6200EE3754 /* XCTest.framework in Frameworks */ = {isa = PBXBuildFile; fileRef = 22A0A7F6191D6E6200EE3754 /* XCTest.framework */; };
		22A0A7F8191D6E6200EE3754 /* Foundation.framework in Frameworks */ = {isa = PBXBuildFile; fileRef = 22A0A7D4191D6E6200EE3754 /* Foundation.framework */; };
		22A0A7F9191D6E6200EE3754 /* UIKit.framework in Frameworks */ = {isa = PBXBuildFile; fileRef = 22A0A7D8191D6E6200EE3754 /* UIKit.framework */; };
		22A0A801191D6E6300EE3754 /* InfoPlist.strings in Resources */ = {isa = PBXBuildFile; fileRef = 22A0A7FF191D6E6300EE3754 /* InfoPlist.strings */; };
		22A0A803191D6E6300EE3754 /* BarCodeReaderTests.m in Sources */ = {isa = PBXBuildFile; fileRef = 22A0A802191D6E6300EE3754 /* BarCodeReaderTests.m */; };
		22A0A829191D703000EE3754 /* libzbar.a in Frameworks */ = {isa = PBXBuildFile; fileRef = 22A0A823191D703000EE3754 /* libzbar.a */; };
		22A0A82A191D703000EE3754 /* zbar-back.png in Resources */ = {isa = PBXBuildFile; fileRef = 22A0A825191D703000EE3754 /* zbar-back.png */; };
		22A0A82B191D703000EE3754 /* zbar-help.html in Resources */ = {isa = PBXBuildFile; fileRef = 22A0A826191D703000EE3754 /* zbar-help.html */; };
		22A0A82C191D703000EE3754 /* zbar-helpicons.png in Resources */ = {isa = PBXBuildFile; fileRef = 22A0A827191D703000EE3754 /* zbar-helpicons.png */; };
		22A0A82D191D703000EE3754 /* zbar-samples.png in Resources */ = {isa = PBXBuildFile; fileRef = 22A0A828191D703000EE3754 /* zbar-samples.png */; };
		22A0A82F191D707700EE3754 /* AVFoundation.framework in Frameworks */ = {isa = PBXBuildFile; fileRef = 22A0A82E191D707700EE3754 /* AVFoundation.framework */; };
		22A0A831191D707F00EE3754 /* CoreMedia.framework in Frameworks */ = {isa = PBXBuildFile; fileRef = 22A0A830191D707F00EE3754 /* CoreMedia.framework */; };
		22A0A833191D708700EE3754 /* CoreVideo.framework in Frameworks */ = {isa = PBXBuildFile; fileRef = 22A0A832191D708700EE3754 /* CoreVideo.framework */; };
		22A0A835191D708E00EE3754 /* QuartzCore.framework in Frameworks */ = {isa = PBXBuildFile; fileRef = 22A0A834191D708E00EE3754 /* QuartzCore.framework */; };
		22A0A837191D709B00EE3754 /* libiconv.dylib in Frameworks */ = {isa = PBXBuildFile; fileRef = 22A0A836191D709B00EE3754 /* libiconv.dylib */; };
/* End PBXBuildFile section */

/* Begin PBXContainerItemProxy section */
		22A0A7FA191D6E6300EE3754 /* PBXContainerItemProxy */ = {
			isa = PBXContainerItemProxy;
			containerPortal = 22A0A7C9191D6E6200EE3754 /* Project object */;
			proxyType = 1;
			remoteGlobalIDString = 22A0A7D0191D6E6200EE3754;
			remoteInfo = BarCodeReader;
		};
/* End PBXContainerItemProxy section */

/* Begin PBXFileReference section */
		225FD2F5191EBEEA000566D6 /* Tornei.plist */ = {isa = PBXFileReference; fileEncoding = 4; lastKnownFileType = text.plist.xml; path = Tornei.plist; sourceTree = "<group>"; };
		22A0A7D1191D6E6200EE3754 /* BarCodeReader.app */ = {isa = PBXFileReference; explicitFileType = wrapper.application; includeInIndex = 0; path = BarCodeReader.app; sourceTree = BUILT_PRODUCTS_DIR; };
		22A0A7D4191D6E6200EE3754 /* Foundation.framework */ = {isa = PBXFileReference; lastKnownFileType = wrapper.framework; name = Foundation.framework; path = System/Library/Frameworks/Foundation.framework; sourceTree = SDKROOT; };
		22A0A7D6191D6E6200EE3754 /* CoreGraphics.framework */ = {isa = PBXFileReference; lastKnownFileType = wrapper.framework; name = CoreGraphics.framework; path = System/Library/Frameworks/CoreGraphics.framework; sourceTree = SDKROOT; };
		22A0A7D8191D6E6200EE3754 /* UIKit.framework */ = {isa = PBXFileReference; lastKnownFileType = wrapper.framework; name = UIKit.framework; path = System/Library/Frameworks/UIKit.framework; sourceTree = SDKROOT; };
		22A0A7DC191D6E6200EE3754 /* BarCodeReader-Info.plist */ = {isa = PBXFileReference; lastKnownFileType = text.plist.xml; path = "BarCodeReader-Info.plist"; sourceTree = "<group>"; };
		22A0A7DE191D6E6200EE3754 /* en */ = {isa = PBXFileReference; lastKnownFileType = text.plist.strings; name = en; path = en.lproj/InfoPlist.strings; sourceTree = "<group>"; };
		22A0A7E0191D6E6200EE3754 /* main.m */ = {isa = PBXFileReference; lastKnownFileType = sourcecode.c.objc; path = main.m; sourceTree = "<group>"; };
		22A0A7E2191D6E6200EE3754 /* BarCodeReader-Prefix.pch */ = {isa = PBXFileReference; lastKnownFileType = sourcecode.c.h; path = "BarCodeReader-Prefix.pch"; sourceTree = "<group>"; };
		22A0A7E3191D6E6200EE3754 /* BCRAppDelegate.h */ = {isa = PBXFileReference; lastKnownFileType = sourcecode.c.h; path = BCRAppDelegate.h; sourceTree = "<group>"; };
		22A0A7E4191D6E6200EE3754 /* BCRAppDelegate.m */ = {isa = PBXFileReference; lastKnownFileType = sourcecode.c.objc; path = BCRAppDelegate.m; sourceTree = "<group>"; };
		22A0A7E7191D6E6200EE3754 /* Base */ = {isa = PBXFileReference; lastKnownFileType = file.storyboard; name = Base; path = Base.lproj/Main_iPhone.storyboard; sourceTree = "<group>"; };
		22A0A7EA191D6E6200EE3754 /* Base */ = {isa = PBXFileReference; lastKnownFileType = file.storyboard; name = Base; path = Base.lproj/Main_iPad.storyboard; sourceTree = "<group>"; };
		22A0A7EC191D6E6200EE3754 /* BCRViewController.h */ = {isa = PBXFileReference; lastKnownFileType = sourcecode.c.h; path = BCRViewController.h; sourceTree = "<group>"; };
		22A0A7ED191D6E6200EE3754 /* BCRViewController.m */ = {isa = PBXFileReference; lastKnownFileType = sourcecode.c.objc; path = BCRViewController.m; sourceTree = "<group>"; };
		22A0A7EF191D6E6200EE3754 /* Images.xcassets */ = {isa = PBXFileReference; lastKnownFileType = folder.assetcatalog; path = Images.xcassets; sourceTree = "<group>"; };
		22A0A7F5191D6E6200EE3754 /* BarCodeReaderTests.xctest */ = {isa = PBXFileReference; explicitFileType = wrapper.cfbundle; includeInIndex = 0; path = BarCodeReaderTests.xctest; sourceTree = BUILT_PRODUCTS_DIR; };
		22A0A7F6191D6E6200EE3754 /* XCTest.framework */ = {isa = PBXFileReference; lastKnownFileType = wrapper.framework; name = XCTest.framework; path = Library/Frameworks/XCTest.framework; sourceTree = DEVELOPER_DIR; };
		22A0A7FE191D6E6300EE3754 /* BarCodeReaderTests-Info.plist */ = {isa = PBXFileReference; lastKnownFileType = text.plist.xml; path = "BarCodeReaderTests-Info.plist"; sourceTree = "<group>"; };
		22A0A800191D6E6300EE3754 /* en */ = {isa = PBXFileReference; lastKnownFileType = text.plist.strings; name = en; path = en.lproj/InfoPlist.strings; sourceTree = "<group>"; };
		22A0A802191D6E6300EE3754 /* BarCodeReaderTests.m */ = {isa = PBXFileReference; lastKnownFileType = sourcecode.c.objc; path = BarCodeReaderTests.m; sourceTree = "<group>"; };
		22A0A80F191D703000EE3754 /* Decoder.h */ = {isa = PBXFileReference; fileEncoding = 4; lastKnownFileType = sourcecode.c.h; path = Decoder.h; sourceTree = "<group>"; };
		22A0A810191D703000EE3754 /* Exception.h */ = {isa = PBXFileReference; fileEncoding = 4; lastKnownFileType = sourcecode.c.h; path = Exception.h; sourceTree = "<group>"; };
		22A0A811191D703000EE3754 /* Image.h */ = {isa = PBXFileReference; fileEncoding = 4; lastKnownFileType = sourcecode.c.h; path = Image.h; sourceTree = "<group>"; };
		22A0A812191D703000EE3754 /* ImageScanner.h */ = {isa = PBXFileReference; fileEncoding = 4; lastKnownFileType = sourcecode.c.h; path = ImageScanner.h; sourceTree = "<group>"; };
		22A0A813191D703000EE3754 /* Processor.h */ = {isa = PBXFileReference; fileEncoding = 4; lastKnownFileType = sourcecode.c.h; path = Processor.h; sourceTree = "<group>"; };
		22A0A814191D703000EE3754 /* Scanner.h */ = {isa = PBXFileReference; fileEncoding = 4; lastKnownFileType = sourcecode.c.h; path = Scanner.h; sourceTree = "<group>"; };
		22A0A815191D703000EE3754 /* Symbol.h */ = {isa = PBXFileReference; fileEncoding = 4; lastKnownFileType = sourcecode.c.h; path = Symbol.h; sourceTree = "<group>"; };
		22A0A816191D703000EE3754 /* Video.h */ = {isa = PBXFileReference; fileEncoding = 4; lastKnownFileType = sourcecode.c.h; path = Video.h; sourceTree = "<group>"; };
		22A0A817191D703000EE3754 /* Window.h */ = {isa = PBXFileReference; fileEncoding = 4; lastKnownFileType = sourcecode.c.h; path = Window.h; sourceTree = "<group>"; };
		22A0A818191D703000EE3754 /* zbar.h */ = {isa = PBXFileReference; fileEncoding = 4; lastKnownFileType = sourcecode.c.h; path = zbar.h; sourceTree = "<group>"; };
		22A0A819191D703000EE3754 /* ZBarCameraSimulator.h */ = {isa = PBXFileReference; fileEncoding = 4; lastKnownFileType = sourcecode.c.h; path = ZBarCameraSimulator.h; sourceTree = "<group>"; };
		22A0A81A191D703000EE3754 /* ZBarCaptureReader.h */ = {isa = PBXFileReference; fileEncoding = 4; lastKnownFileType = sourcecode.c.h; path = ZBarCaptureReader.h; sourceTree = "<group>"; };
		22A0A81B191D703000EE3754 /* ZBarHelpController.h */ = {isa = PBXFileReference; fileEncoding = 4; lastKnownFileType = sourcecode.c.h; path = ZBarHelpController.h; sourceTree = "<group>"; };
		22A0A81C191D703000EE3754 /* ZBarImage.h */ = {isa = PBXFileReference; fileEncoding = 4; lastKnownFileType = sourcecode.c.h; path = ZBarImage.h; sourceTree = "<group>"; };
		22A0A81D191D703000EE3754 /* ZBarImageScanner.h */ = {isa = PBXFileReference; fileEncoding = 4; lastKnownFileType = sourcecode.c.h; path = ZBarImageScanner.h; sourceTree = "<group>"; };
		22A0A81E191D703000EE3754 /* ZBarReaderController.h */ = {isa = PBXFileReference; fileEncoding = 4; lastKnownFileType = sourcecode.c.h; path = ZBarReaderController.h; sourceTree = "<group>"; };
		22A0A81F191D703000EE3754 /* ZBarReaderView.h */ = {isa = PBXFileReference; fileEncoding = 4; lastKnownFileType = sourcecode.c.h; path = ZBarReaderView.h; sourceTree = "<group>"; };
		22A0A820191D703000EE3754 /* ZBarReaderViewController.h */ = {isa = PBXFileReference; fileEncoding = 4; lastKnownFileType = sourcecode.c.h; path = ZBarReaderViewController.h; sourceTree = "<group>"; };
		22A0A821191D703000EE3754 /* ZBarSDK.h */ = {isa = PBXFileReference; fileEncoding = 4; lastKnownFileType = sourcecode.c.h; path = ZBarSDK.h; sourceTree = "<group>"; };
		22A0A822191D703000EE3754 /* ZBarSymbol.h */ = {isa = PBXFileReference; fileEncoding = 4; lastKnownFileType = sourcecode.c.h; path = ZBarSymbol.h; sourceTree = "<group>"; };
		22A0A823191D703000EE3754 /* libzbar.a */ = {isa = PBXFileReference; lastKnownFileType = archive.ar; path = libzbar.a; sourceTree = "<group>"; };
		22A0A825191D703000EE3754 /* zbar-back.png */ = {isa = PBXFileReference; lastKnownFileType = image.png; path = "zbar-back.png"; sourceTree = "<group>"; };
		22A0A826191D703000EE3754 /* zbar-help.html */ = {isa = PBXFileReference; fileEncoding = 4; lastKnownFileType = text.html; path = "zbar-help.html"; sourceTree = "<group>"; };
		22A0A827191D703000EE3754 /* zbar-helpicons.png */ = {isa = PBXFileReference; lastKnownFileType = image.png; path = "zbar-helpicons.png"; sourceTree = "<group>"; };
		22A0A828191D703000EE3754 /* zbar-samples.png */ = {isa = PBXFileReference; lastKnownFileType = image.png; path = "zbar-samples.png"; sourceTree = "<group>"; };
		22A0A82E191D707700EE3754 /* AVFoundation.framework */ = {isa = PBXFileReference; lastKnownFileType = wrapper.framework; name = AVFoundation.framework; path = System/Library/Frameworks/AVFoundation.framework; sourceTree = SDKROOT; };
		22A0A830191D707F00EE3754 /* CoreMedia.framework */ = {isa = PBXFileReference; lastKnownFileType = wrapper.framework; name = CoreMedia.framework; path = System/Library/Frameworks/CoreMedia.framework; sourceTree = SDKROOT; };
		22A0A832191D708700EE3754 /* CoreVideo.framework */ = {isa = PBXFileReference; lastKnownFileType = wrapper.framework; name = CoreVideo.framework; path = System/Library/Frameworks/CoreVideo.framework; sourceTree = SDKROOT; };
		22A0A834191D708E00EE3754 /* QuartzCore.framework */ = {isa = PBXFileReference; lastKnownFileType = wrapper.framework; name = QuartzCore.framework; path = System/Library/Frameworks/QuartzCore.framework; sourceTree = SDKROOT; };
		22A0A836191D709B00EE3754 /* libiconv.dylib */ = {isa = PBXFileReference; lastKnownFileType = "compiled.mach-o.dylib"; name = libiconv.dylib; path = usr/lib/libiconv.dylib; sourceTree = SDKROOT; };
/* End PBXFileReference section */

/* Begin PBXFrameworksBuildPhase section */
		22A0A7CE191D6E6200EE3754 /* Frameworks */ = {
			isa = PBXFrameworksBuildPhase;
			buildActionMask = 2147483647;
			files = (
				22A0A837191D709B00EE3754 /* libiconv.dylib in Frameworks */,
				22A0A835191D708E00EE3754 /* QuartzCore.framework in Frameworks */,
				22A0A833191D708700EE3754 /* CoreVideo.framework in Frameworks */,
				22A0A831191D707F00EE3754 /* CoreMedia.framework in Frameworks */,
				22A0A82F191D707700EE3754 /* AVFoundation.framework in Frameworks */,
				22A0A7D7191D6E6200EE3754 /* CoreGraphics.framework in Frameworks */,
				22A0A7D9191D6E6200EE3754 /* UIKit.framework in Frameworks */,
				22A0A829191D703000EE3754 /* libzbar.a in Frameworks */,
				22A0A7D5191D6E6200EE3754 /* Foundation.framework in Frameworks */,
			);
			runOnlyForDeploymentPostprocessing = 0;
		};
		22A0A7F2191D6E6200EE3754 /* Frameworks */ = {
			isa = PBXFrameworksBuildPhase;
			buildActionMask = 2147483647;
			files = (
				22A0A7F7191D6E6200EE3754 /* XCTest.framework in Frameworks */,
				22A0A7F9191D6E6200EE3754 /* UIKit.framework in Frameworks */,
				22A0A7F8191D6E6200EE3754 /* Foundation.framework in Frameworks */,
			);
			runOnlyForDeploymentPostprocessing = 0;
		};
/* End PBXFrameworksBuildPhase section */

/* Begin PBXGroup section */
		22A0A7C8191D6E6200EE3754 = {
			isa = PBXGroup;
			children = (
				22A0A7DA191D6E6200EE3754 /* BarCodeReader */,
				22A0A7FC191D6E6300EE3754 /* BarCodeReaderTests */,
				22A0A7D3191D6E6200EE3754 /* Frameworks */,
				22A0A7D2191D6E6200EE3754 /* Products */,
			);
			sourceTree = "<group>";
		};
		22A0A7D2191D6E6200EE3754 /* Products */ = {
			isa = PBXGroup;
			children = (
				22A0A7D1191D6E6200EE3754 /* BarCodeReader.app */,
				22A0A7F5191D6E6200EE3754 /* BarCodeReaderTests.xctest */,
			);
			name = Products;
			sourceTree = "<group>";
		};
		22A0A7D3191D6E6200EE3754 /* Frameworks */ = {
			isa = PBXGroup;
			children = (
				22A0A836191D709B00EE3754 /* libiconv.dylib */,
				22A0A834191D708E00EE3754 /* QuartzCore.framework */,
				22A0A832191D708700EE3754 /* CoreVideo.framework */,
				22A0A830191D707F00EE3754 /* CoreMedia.framework */,
				22A0A82E191D707700EE3754 /* AVFoundation.framework */,
				22A0A7D4191D6E6200EE3754 /* Foundation.framework */,
				22A0A7D6191D6E6200EE3754 /* CoreGraphics.framework */,
				22A0A7D8191D6E6200EE3754 /* UIKit.framework */,
				22A0A7F6191D6E6200EE3754 /* XCTest.framework */,
			);
			name = Frameworks;
			sourceTree = "<group>";
		};
		22A0A7DA191D6E6200EE3754 /* BarCodeReader */ = {
			isa = PBXGroup;
			children = (
				22A0A7E3191D6E6200EE3754 /* BCRAppDelegate.h */,
				22A0A7E4191D6E6200EE3754 /* BCRAppDelegate.m */,
				22A0A7E6191D6E6200EE3754 /* Main_iPhone.storyboard */,
				22A0A7E9191D6E6200EE3754 /* Main_iPad.storyboard */,
				22A0A7EC191D6E6200EE3754 /* BCRViewController.h */,
				22A0A7ED191D6E6200EE3754 /* BCRViewController.m */,
				22A0A80C191D703000EE3754 /* Headers */,
				22A0A823191D703000EE3754 /* libzbar.a */,
				22A0A824191D703000EE3754 /* Resources */,
				22A0A7EF191D6E6200EE3754 /* Images.xcassets */,
				22A0A7DB191D6E6200EE3754 /* Supporting Files */,
			);
			path = BarCodeReader;
			sourceTree = "<group>";
		};
		22A0A7DB191D6E6200EE3754 /* Supporting Files */ = {
			isa = PBXGroup;
			children = (
				22A0A7DC191D6E6200EE3754 /* BarCodeReader-Info.plist */,
				225FD2F5191EBEEA000566D6 /* Tornei.plist */,
				22A0A7DD191D6E6200EE3754 /* InfoPlist.strings */,
				22A0A7E0191D6E6200EE3754 /* main.m */,
				22A0A7E2191D6E6200EE3754 /* BarCodeReader-Prefix.pch */,
			);
			name = "Supporting Files";
			sourceTree = "<group>";
		};
		22A0A7FC191D6E6300EE3754 /* BarCodeReaderTests */ = {
			isa = PBXGroup;
			children = (
				22A0A802191D6E6300EE3754 /* BarCodeReaderTests.m */,
				22A0A7FD191D6E6300EE3754 /* Supporting Files */,
			);
			path = BarCodeReaderTests;
			sourceTree = "<group>";
		};
		22A0A7FD191D6E6300EE3754 /* Supporting Files */ = {
			isa = PBXGroup;
			children = (
				22A0A7FE191D6E6300EE3754 /* BarCodeReaderTests-Info.plist */,
				22A0A7FF191D6E6300EE3754 /* InfoPlist.strings */,
			);
			name = "Supporting Files";
			sourceTree = "<group>";
		};
		22A0A80C191D703000EE3754 /* Headers */ = {
			isa = PBXGroup;
			children = (
				22A0A80D191D703000EE3754 /* ZBarSDK */,
			);
			path = Headers;
			sourceTree = "<group>";
		};
		22A0A80D191D703000EE3754 /* ZBarSDK */ = {
			isa = PBXGroup;
			children = (
				22A0A80E191D703000EE3754 /* zbar */,
				22A0A818191D703000EE3754 /* zbar.h */,
				22A0A819191D703000EE3754 /* ZBarCameraSimulator.h */,
				22A0A81A191D703000EE3754 /* ZBarCaptureReader.h */,
				22A0A81B191D703000EE3754 /* ZBarHelpController.h */,
				22A0A81C191D703000EE3754 /* ZBarImage.h */,
				22A0A81D191D703000EE3754 /* ZBarImageScanner.h */,
				22A0A81E191D703000EE3754 /* ZBarReaderController.h */,
				22A0A81F191D703000EE3754 /* ZBarReaderView.h */,
				22A0A820191D703000EE3754 /* ZBarReaderViewController.h */,
				22A0A821191D703000EE3754 /* ZBarSDK.h */,
				22A0A822191D703000EE3754 /* ZBarSymbol.h */,
			);
			path = ZBarSDK;
			sourceTree = "<group>";
		};
		22A0A80E191D703000EE3754 /* zbar */ = {
			isa = PBXGroup;
			children = (
				22A0A80F191D703000EE3754 /* Decoder.h */,
				22A0A810191D703000EE3754 /* Exception.h */,
				22A0A811191D703000EE3754 /* Image.h */,
				22A0A812191D703000EE3754 /* ImageScanner.h */,
				22A0A813191D703000EE3754 /* Processor.h */,
				22A0A814191D703000EE3754 /* Scanner.h */,
				22A0A815191D703000EE3754 /* Symbol.h */,
				22A0A816191D703000EE3754 /* Video.h */,
				22A0A817191D703000EE3754 /* Window.h */,
			);
			path = zbar;
			sourceTree = "<group>";
		};
		22A0A824191D703000EE3754 /* Resources */ = {
			isa = PBXGroup;
			children = (
				22A0A825191D703000EE3754 /* zbar-back.png */,
				22A0A826191D703000EE3754 /* zbar-help.html */,
				22A0A827191D703000EE3754 /* zbar-helpicons.png */,
				22A0A828191D703000EE3754 /* zbar-samples.png */,
			);
			path = Resources;
			sourceTree = "<group>";
		};
/* End PBXGroup section */

/* Begin PBXNativeTarget section */
		22A0A7D0191D6E6200EE3754 /* BarCodeReader */ = {
			isa = PBXNativeTarget;
			buildConfigurationList = 22A0A806191D6E6300EE3754 /* Build configuration list for PBXNativeTarget "BarCodeReader" */;
			buildPhases = (
				22A0A7CD191D6E6200EE3754 /* Sources */,
				22A0A7CE191D6E6200EE3754 /* Frameworks */,
				22A0A7CF191D6E6200EE3754 /* Resources */,
			);
			buildRules = (
			);
			dependencies = (
			);
			name = BarCodeReader;
			productName = BarCodeReader;
			productReference = 22A0A7D1191D6E6200EE3754 /* BarCodeReader.app */;
			productType = "com.apple.product-type.application";
		};
		22A0A7F4191D6E6200EE3754 /* BarCodeReaderTests */ = {
			isa = PBXNativeTarget;
			buildConfigurationList = 22A0A809191D6E6300EE3754 /* Build configuration list for PBXNativeTarget "BarCodeReaderTests" */;
			buildPhases = (
				22A0A7F1191D6E6200EE3754 /* Sources */,
				22A0A7F2191D6E6200EE3754 /* Frameworks */,
				22A0A7F3191D6E6200EE3754 /* Resources */,
			);
			buildRules = (
			);
			dependencies = (
				22A0A7FB191D6E6300EE3754 /* PBXTargetDependency */,
			);
			name = BarCodeReaderTests;
			productName = BarCodeReaderTests;
			productReference = 22A0A7F5191D6E6200EE3754 /* BarCodeReaderTests.xctest */;
			productType = "com.apple.product-type.bundle.unit-test";
		};
/* End PBXNativeTarget section */

/* Begin PBXProject section */
		22A0A7C9191D6E6200EE3754 /* Project object */ = {
			isa = PBXProject;
			attributes = {
				CLASSPREFIX = BCR;
				LastUpgradeCheck = 0510;
				ORGANIZATIONNAME = MassimoMoro;
				TargetAttributes = {
					22A0A7F4191D6E6200EE3754 = {
						TestTargetID = 22A0A7D0191D6E6200EE3754;
					};
				};
			};
			buildConfigurationList = 22A0A7CC191D6E6200EE3754 /* Build configuration list for PBXProject "BarCodeReader" */;
			compatibilityVersion = "Xcode 3.2";
			developmentRegion = English;
			hasScannedForEncodings = 0;
			knownRegions = (
				en,
				Base,
			);
			mainGroup = 22A0A7C8191D6E6200EE3754;
			productRefGroup = 22A0A7D2191D6E6200EE3754 /* Products */;
			projectDirPath = "";
			projectRoot = "";
			targets = (
				22A0A7D0191D6E6200EE3754 /* BarCodeReader */,
				22A0A7F4191D6E6200EE3754 /* BarCodeReaderTests */,
			);
		};
/* End PBXProject section */

/* Begin PBXResourcesBuildPhase section */
		22A0A7CF191D6E6200EE3754 /* Resources */ = {
			isa = PBXResourcesBuildPhase;
			buildActionMask = 2147483647;
			files = (
				22A0A7EB191D6E6200EE3754 /* Main_iPad.storyboard in Resources */,
				22A0A7F0191D6E6200EE3754 /* Images.xcassets in Resources */,
				22A0A7E8191D6E6200EE3754 /* Main_iPhone.storyboard in Resources */,
				22A0A7DF191D6E6200EE3754 /* InfoPlist.strings in Resources */,
				22A0A82D191D703000EE3754 /* zbar-samples.png in Resources */,
				22A0A82B191D703000EE3754 /* zbar-help.html in Resources */,
				22A0A82A191D703000EE3754 /* zbar-back.png in Resources */,
				225FD2F6191EBEEA000566D6 /* Tornei.plist in Resources */,
				22A0A82C191D703000EE3754 /* zbar-helpicons.png in Resources */,
			);
			runOnlyForDeploymentPostprocessing = 0;
		};
		22A0A7F3191D6E6200EE3754 /* Resources */ = {
			isa = PBXResourcesBuildPhase;
			buildActionMask = 2147483647;
			files = (
				22A0A801191D6E6300EE3754 /* InfoPlist.strings in Resources */,
			);
			runOnlyForDeploymentPostprocessing = 0;
		};
/* End PBXResourcesBuildPhase section */

/* Begin PBXSourcesBuildPhase section */
		22A0A7CD191D6E6200EE3754 /* Sources */ = {
			isa = PBXSourcesBuildPhase;
			buildActionMask = 2147483647;
			files = (
				22A0A7E5191D6E6200EE3754 /* BCRAppDelegate.m in Sources */,
				22A0A7EE191D6E6200EE3754 /* BCRViewController.m in Sources */,
				22A0A7E1191D6E6200EE3754 /* main.m in Sources */,
			);
			runOnlyForDeploymentPostprocessing = 0;
		};
		22A0A7F1191D6E6200EE3754 /* Sources */ = {
			isa = PBXSourcesBuildPhase;
			buildActionMask = 2147483647;
			files = (
				22A0A803191D6E6300EE3754 /* BarCodeReaderTests.m in Sources */,
			);
			runOnlyForDeploymentPostprocessing = 0;
		};
/* End PBXSourcesBuildPhase section */

/* Begin PBXTargetDependency section */
		22A0A7FB191D6E6300EE3754 /* PBXTargetDependency */ = {
			isa = PBXTargetDependency;
			target = 22A0A7D0191D6E6200EE3754 /* BarCodeReader */;
			targetProxy = 22A0A7FA191D6E6300EE3754 /* PBXContainerItemProxy */;
		};
/* End PBXTargetDependency section */

/* Begin PBXVariantGroup section */
		22A0A7DD191D6E6200EE3754 /* InfoPlist.strings */ = {
			isa = PBXVariantGroup;
			children = (
				22A0A7DE191D6E6200EE3754 /* en */,
			);
			name = InfoPlist.strings;
			sourceTree = "<group>";
		};
		22A0A7E6191D6E6200EE3754 /* Main_iPhone.storyboard */ = {
			isa = PBXVariantGroup;
			children = (
				22A0A7E7191D6E6200EE3754 /* Base */,
			);
			name = Main_iPhone.storyboard;
			sourceTree = "<group>";
		};
		22A0A7E9191D6E6200EE3754 /* Main_iPad.storyboard */ = {
			isa = PBXVariantGroup;
			children = (
				22A0A7EA191D6E6200EE3754 /* Base */,
			);
			name = Main_iPad.storyboard;
			sourceTree = "<group>";
		};
		22A0A7FF191D6E6300EE3754 /* InfoPlist.strings */ = {
			isa = PBXVariantGroup;
			children = (
				22A0A800191D6E6300EE3754 /* en */,
			);
			name = InfoPlist.strings;
			sourceTree = "<group>";
		};
/* End PBXVariantGroup section */

/* Begin XCBuildConfiguration section */
		22A0A804191D6E6300EE3754 /* Debug */ = {
			isa = XCBuildConfiguration;
			buildSettings = {
				ALWAYS_SEARCH_USER_PATHS = NO;
				ARCHS = (
					"armv7,",
					armv7s,
				);
				CLANG_CXX_LANGUAGE_STANDARD = "gnu++0x";
				CLANG_CXX_LIBRARY = "libc++";
				CLANG_ENABLE_MODULES = YES;
				CLANG_ENABLE_OBJC_ARC = YES;
				CLANG_WARN_BOOL_CONVERSION = YES;
				CLANG_WARN_CONSTANT_CONVERSION = YES;
				CLANG_WARN_DIRECT_OBJC_ISA_USAGE = YES_ERROR;
				CLANG_WARN_EMPTY_BODY = YES;
				CLANG_WARN_ENUM_CONVERSION = YES;
				CLANG_WARN_INT_CONVERSION = YES;
				CLANG_WARN_OBJC_ROOT_CLASS = YES_ERROR;
				CLANG_WARN__DUPLICATE_METHOD_MATCH = YES;
				"CODE_SIGN_IDENTITY[sdk=iphoneos*]" = "iPhone Developer";
				COPY_PHASE_STRIP = NO;
				GCC_C_LANGUAGE_STANDARD = gnu99;
				GCC_DYNAMIC_NO_PIC = NO;
				GCC_OPTIMIZATION_LEVEL = 0;
				GCC_PREPROCESSOR_DEFINITIONS = (
					"DEBUG=1",
					"$(inherited)",
				);
				GCC_SYMBOLS_PRIVATE_EXTERN = NO;
				GCC_WARN_64_TO_32_BIT_CONVERSION = YES;
				GCC_WARN_ABOUT_RETURN_TYPE = YES_ERROR;
				GCC_WARN_UNDECLARED_SELECTOR = YES;
				GCC_WARN_UNINITIALIZED_AUTOS = YES_AGGRESSIVE;
				GCC_WARN_UNUSED_FUNCTION = YES;
				GCC_WARN_UNUSED_VARIABLE = YES;
				IPHONEOS_DEPLOYMENT_TARGET = 7.1;
				ONLY_ACTIVE_ARCH = YES;
				SDKROOT = iphoneos;
				TARGETED_DEVICE_FAMILY = "1,2";
				VALID_ARCHS = "armv7 armv7s";
			};
			name = Debug;
		};
		22A0A805191D6E6300EE3754 /* Release */ = {
			isa = XCBuildConfiguration;
			buildSettings = {
				ALWAYS_SEARCH_USER_PATHS = NO;
				ARCHS = (
					"armv7,",
					armv7s,
				);
				CLANG_CXX_LANGUAGE_STANDARD = "gnu++0x";
				CLANG_CXX_LIBRARY = "libc++";
				CLANG_ENABLE_MODULES = YES;
				CLANG_ENABLE_OBJC_ARC = YES;
				CLANG_WARN_BOOL_CONVERSION = YES;
				CLANG_WARN_CONSTANT_CONVERSION = YES;
				CLANG_WARN_DIRECT_OBJC_ISA_USAGE = YES_ERROR;
				CLANG_WARN_EMPTY_BODY = YES;
				CLANG_WARN_ENUM_CONVERSION = YES;
				CLANG_WARN_INT_CONVERSION = YES;
				CLANG_WARN_OBJC_ROOT_CLASS = YES_ERROR;
				CLANG_WARN__DUPLICATE_METHOD_MATCH = YES;
				"CODE_SIGN_IDENTITY[sdk=iphoneos*]" = "iPhone Developer";
				COPY_PHASE_STRIP = YES;
				ENABLE_NS_ASSERTIONS = NO;
				GCC_C_LANGUAGE_STANDARD = gnu99;
				GCC_WARN_64_TO_32_BIT_CONVERSION = YES;
				GCC_WARN_ABOUT_RETURN_TYPE = YES_ERROR;
				GCC_WARN_UNDECLARED_SELECTOR = YES;
				GCC_WARN_UNINITIALIZED_AUTOS = YES_AGGRESSIVE;
				GCC_WARN_UNUSED_FUNCTION = YES;
				GCC_WARN_UNUSED_VARIABLE = YES;
				IPHONEOS_DEPLOYMENT_TARGET = 7.1;
				SDKROOT = iphoneos;
				TARGETED_DEVICE_FAMILY = "1,2";
				VALIDATE_PRODUCT = YES;
				VALID_ARCHS = "armv7 armv7s";
			};
			name = Release;
		};
		22A0A807191D6E6300EE3754 /* Debug */ = {
			isa = XCBuildConfiguration;
			buildSettings = {
				ASSETCATALOG_COMPILER_APPICON_NAME = AppIcon;
				ASSETCATALOG_COMPILER_LAUNCHIMAGE_NAME = LaunchImage;
				GCC_PRECOMPILE_PREFIX_HEADER = YES;
				GCC_PREFIX_HEADER = "BarCodeReader/BarCodeReader-Prefix.pch";
				INFOPLIST_FILE = "BarCodeReader/BarCodeReader-Info.plist";
				LIBRARY_SEARCH_PATHS = (
					"$(inherited)",
					"$(PROJECT_DIR)/BarCodeReader",
				);
				PRODUCT_NAME = "$(TARGET_NAME)";
				WRAPPER_EXTENSION = app;
			};
			name = Debug;
		};
		22A0A808191D6E6300EE3754 /* Release */ = {
			isa = XCBuildConfiguration;
			buildSettings = {
				ASSETCATALOG_COMPILER_APPICON_NAME = AppIcon;
				ASSETCATALOG_COMPILER_LAUNCHIMAGE_NAME = LaunchImage;
				GCC_PRECOMPILE_PREFIX_HEADER = YES;
				GCC_PREFIX_HEADER = "BarCodeReader/BarCodeReader-Prefix.pch";
				INFOPLIST_FILE = "BarCodeReader/BarCodeReader-Info.plist";
				LIBRARY_SEARCH_PATHS = (
					"$(inherited)",
					"$(PROJECT_DIR)/BarCodeReader",
				);
				PRODUCT_NAME = "$(TARGET_NAME)";
				WRAPPER_EXTENSION = app;
			};
			name = Release;
		};
		22A0A80A191D6E6300EE3754 /* Debug */ = {
			isa = XCBuildConfiguration;
			buildSettings = {
				BUNDLE_LOADER = "$(BUILT_PRODUCTS_DIR)/BarCodeReader.app/BarCodeReader";
				FRAMEWORK_SEARCH_PATHS = (
					"$(SDKROOT)/Developer/Library/Frameworks",
					"$(inherited)",
					"$(DEVELOPER_FRAMEWORKS_DIR)",
				);
				GCC_PRECOMPILE_PREFIX_HEADER = YES;
				GCC_PREFIX_HEADER = "BarCodeReader/BarCodeReader-Prefix.pch";
				GCC_PREPROCESSOR_DEFINITIONS = (
					"DEBUG=1",
					"$(inherited)",
				);
				INFOPLIST_FILE = "BarCodeReaderTests/BarCodeReaderTests-Info.plist";
				PRODUCT_NAME = "$(TARGET_NAME)";
				TEST_HOST = "$(BUNDLE_LOADER)";
				WRAPPER_EXTENSION = xctest;
			};
			name = Debug;
		};
		22A0A80B191D6E6300EE3754 /* Release */ = {
			isa = XCBuildConfiguration;
			buildSettings = {
				BUNDLE_LOADER = "$(BUILT_PRODUCTS_DIR)/BarCodeReader.app/BarCodeReader";
				FRAMEWORK_SEARCH_PATHS = (
					"$(SDKROOT)/Developer/Library/Frameworks",
					"$(inherited)",
					"$(DEVELOPER_FRAMEWORKS_DIR)",
				);
				GCC_PRECOMPILE_PREFIX_HEADER = YES;
				GCC_PREFIX_HEADER = "BarCodeReader/BarCodeReader-Prefix.pch";
				INFOPLIST_FILE = "BarCodeReaderTests/BarCodeReaderTests-Info.plist";
				PRODUCT_NAME = "$(TARGET_NAME)";
				TEST_HOST = "$(BUNDLE_LOADER)";
				WRAPPER_EXTENSION = xctest;
			};
			name = Release;
		};
/* End XCBuildConfiguration section */

/* Begin XCConfigurationList section */
		22A0A7CC191D6E6200EE3754 /* Build configuration list for PBXProject "BarCodeReader" */ = {
			isa = XCConfigurationList;
			buildConfigurations = (
				22A0A804191D6E6300EE3754 /* Debug */,
				22A0A805191D6E6300EE3754 /* Release */,
			);
			defaultConfigurationIsVisible = 0;
			defaultConfigurationName = Release;
		};
		22A0A806191D6E6300EE3754 /* Build configuration list for PBXNativeTarget "BarCodeReader" */ = {
			isa = XCConfigurationList;
			buildConfigurations = (
				22A0A807191D6E6300EE3754 /* Debug */,
				22A0A808191D6E6300EE3754 /* Release */,
			);
			defaultConfigurationIsVisible = 0;
			defaultConfigurationName = Release;
		};
		22A0A809191D6E6300EE3754 /* Build configuration list for PBXNativeTarget "BarCodeReaderTests" */ = {
			isa = XCConfigurationList;
			buildConfigurations = (
				22A0A80A191D6E6300EE3754 /* Debug */,
				22A0A80B191D6E6300EE3754 /* Release */,
			);
			defaultConfigurationIsVisible = 0;
			defaultConfigurationName = Release;
		};
/* End XCConfigurationList section */
	};
	rootObject = 22A0A7C9191D6E6200EE3754 /* Project object */;
}
